
Microsoft Visual Studio Solution File, Format Version 12.00
# Visual Studio Version 17
VisualStudioVersion = 17.7.34202.233
MinimumVisualStudioVersion = 10.0.40219.1
Project("{8BC9CEB8-8B4A-11D0-8D11-00A0C91BC942}") = "Server", "Server.vcxproj", "{0A0616F0-FF61-44CE-A65B-3E26E1AF3137}"
EndProject
Global
	GlobalSection(SolutionConfigurationPlatforms) = preSolution
		Debug|x64 = Debug|x64
		Debug|x86 = Debug|x86
		Release|x64 = Release|x64
		Release|x86 = Release|x86
	EndGlobalSection
	GlobalSection(ProjectConfigurationPlatforms) = postSolution
		{0A0616F0-FF61-44CE-A65B-3E26E1AF3137}.Debug|x64.ActiveCfg = Debug|x64
		{0A0616F0-FF61-44CE-A65B-3E26E1AF3137}.Debug|x64.Build.0 = Debug|x64
		{0A0616F0-FF61-44CE-A65B-3E26E1AF3137}.Debug|x86.ActiveCfg = Debug|Win32
		{0A0616F0-FF61-44CE-A65B-3E26E1AF3137}.Debug|x86.Build.0 = Debug|Win32
		{0A0616F0-FF61-44CE-A65B-3E26E1AF3137}.Release|x64.ActiveCfg = Release|x64
		{0A0616F0-FF61-44CE-A65B-3E26E1AF3137}.Release|x64.Build.0 = Release|x64
		{0A0616F0-FF61-44CE-A65B-3E26E1AF3137}.Release|x86.ActiveCfg = Release|Win32
		{0A0616F0-FF61-44CE-A65B-3E26E1AF3137}.Release|x86.Build.0 = Release|Win32
	EndGlobalSection
	GlobalSection(SolutionProperties) = preSolution
		HideSolutionNode = FALSE
	EndGlobalSection
	GlobalSection(ExtensibilityGlobals) = postSolution
		SolutionGuid = {D13C8D7F-57BE-49AD-804C-98087C5A6E57}
	EndGlobalSection
EndGlobal
